
Microsoft Visual Studio Solution File, Format Version 12.00
# Visual Studio Version 17
VisualStudioVersion = 17.0.31903.59
MinimumVisualStudioVersion = 10.0.40219.1
Project("{2150E333-8FDC-42A3-9474-1A3956D46DE8}") = "src", "src", "{827E0CD3-B72D-47B6-A68D-7590B98EB39B}"
EndProject
Project("{FAE04EC0-301F-11D3-BF4B-00C04F79EFBC}") = "PoSeeReview.Api", "src\PoSeeReview.Api\PoSeeReview.Api.csproj", "{F8FC807E-7483-42CC-A6A5-48918B0447D5}"
EndProject
Project("{FAE04EC0-301F-11D3-BF4B-00C04F79EFBC}") = "PoSeeReview.Client", "src\PoSeeReview.Client\PoSeeReview.Client.csproj", "{2C2ABBCF-5AB1-4D89-9C3F-8805C4B5DAC3}"
EndProject
Project("{FAE04EC0-301F-11D3-BF4B-00C04F79EFBC}") = "PoSeeReview.Shared", "src\PoSeeReview.Shared\PoSeeReview.Shared.csproj", "{0D8C7488-A51F-45E1-AA49-1EFC87CE60B8}"
EndProject
Project("{2150E333-8FDC-42A3-9474-1A3956D46DE8}") = "tests", "tests", "{0AB3BF05-4346-4AA6-1389-037BE0695223}"
EndProject
Project("{FAE04EC0-301F-11D3-BF4B-00C04F79EFBC}") = "PoSeeReview.UnitTests", "tests\PoSeeReview.UnitTests\PoSeeReview.UnitTests.csproj", "{7393B226-10B6-415A-945B-14A971FC1E3D}"
EndProject
Project("{FAE04EC0-301F-11D3-BF4B-00C04F79EFBC}") = "PoSeeReview.IntegrationTests", "tests\PoSeeReview.IntegrationTests\PoSeeReview.IntegrationTests.csproj", "{EA6ADEC7-C137-4A96-A7CA-B7E18D39522F}"
EndProject
Project("{FAE04EC0-301F-11D3-BF4B-00C04F79EFBC}") = "PoSeeReview.E2EAPI", "tests\PoSeeReview.E2EAPI\PoSeeReview.E2EAPI.csproj", "{25F39AFF-8E44-4E29-B5BD-9CF3383E5499}"
EndProject
Project("{FAE04EC0-301F-11D3-BF4B-00C04F79EFBC}") = "PoSeeReview.E2EUI", "tests\PoSeeReview.E2EUI\PoSeeReview.E2EUI.csproj", "{BC297E3A-BAD8-440C-A7A0-A67A82E88D4C}"
EndProject
Global
	GlobalSection(SolutionConfigurationPlatforms) = preSolution
		Debug|Any CPU = Debug|Any CPU
		Debug|x64 = Debug|x64
		Debug|x86 = Debug|x86
		Release|Any CPU = Release|Any CPU
		Release|x64 = Release|x64
		Release|x86 = Release|x86
	EndGlobalSection
	GlobalSection(ProjectConfigurationPlatforms) = postSolution
		{F8FC807E-7483-42CC-A6A5-48918B0447D5}.Debug|Any CPU.ActiveCfg = Debug|Any CPU
		{F8FC807E-7483-42CC-A6A5-48918B0447D5}.Debug|Any CPU.Build.0 = Debug|Any CPU
		{F8FC807E-7483-42CC-A6A5-48918B0447D5}.Debug|x64.ActiveCfg = Debug|Any CPU
		{F8FC807E-7483-42CC-A6A5-48918B0447D5}.Debug|x64.Build.0 = Debug|Any CPU
		{F8FC807E-7483-42CC-A6A5-48918B0447D5}.Debug|x86.ActiveCfg = Debug|Any CPU
		{F8FC807E-7483-42CC-A6A5-48918B0447D5}.Debug|x86.Build.0 = Debug|Any CPU
		{F8FC807E-7483-42CC-A6A5-48918B0447D5}.Release|Any CPU.ActiveCfg = Release|Any CPU
		{F8FC807E-7483-42CC-A6A5-48918B0447D5}.Release|Any CPU.Build.0 = Release|Any CPU
		{F8FC807E-7483-42CC-A6A5-48918B0447D5}.Release|x64.ActiveCfg = Release|Any CPU
		{F8FC807E-7483-42CC-A6A5-48918B0447D5}.Release|x64.Build.0 = Release|Any CPU
		{F8FC807E-7483-42CC-A6A5-48918B0447D5}.Release|x86.ActiveCfg = Release|Any CPU
		{F8FC807E-7483-42CC-A6A5-48918B0447D5}.Release|x86.Build.0 = Release|Any CPU
		{2C2ABBCF-5AB1-4D89-9C3F-8805C4B5DAC3}.Debug|Any CPU.ActiveCfg = Debug|Any CPU
		{2C2ABBCF-5AB1-4D89-9C3F-8805C4B5DAC3}.Debug|Any CPU.Build.0 = Debug|Any CPU
		{2C2ABBCF-5AB1-4D89-9C3F-8805C4B5DAC3}.Debug|x64.ActiveCfg = Debug|Any CPU
		{2C2ABBCF-5AB1-4D89-9C3F-8805C4B5DAC3}.Debug|x64.Build.0 = Debug|Any CPU
		{2C2ABBCF-5AB1-4D89-9C3F-8805C4B5DAC3}.Debug|x86.ActiveCfg = Debug|Any CPU
		{2C2ABBCF-5AB1-4D89-9C3F-8805C4B5DAC3}.Debug|x86.Build.0 = Debug|Any CPU
		{2C2ABBCF-5AB1-4D89-9C3F-8805C4B5DAC3}.Release|Any CPU.ActiveCfg = Release|Any CPU
		{2C2ABBCF-5AB1-4D89-9C3F-8805C4B5DAC3}.Release|Any CPU.Build.0 = Release|Any CPU
		{2C2ABBCF-5AB1-4D89-9C3F-8805C4B5DAC3}.Release|x64.ActiveCfg = Release|Any CPU
		{2C2ABBCF-5AB1-4D89-9C3F-8805C4B5DAC3}.Release|x64.Build.0 = Release|Any CPU
		{2C2ABBCF-5AB1-4D89-9C3F-8805C4B5DAC3}.Release|x86.ActiveCfg = Release|Any CPU
		{2C2ABBCF-5AB1-4D89-9C3F-8805C4B5DAC3}.Release|x86.Build.0 = Release|Any CPU
		{0D8C7488-A51F-45E1-AA49-1EFC87CE60B8}.Debug|Any CPU.ActiveCfg = Debug|Any CPU
		{0D8C7488-A51F-45E1-AA49-1EFC87CE60B8}.Debug|Any CPU.Build.0 = Debug|Any CPU
		{0D8C7488-A51F-45E1-AA49-1EFC87CE60B8}.Debug|x64.ActiveCfg = Debug|Any CPU
		{0D8C7488-A51F-45E1-AA49-1EFC87CE60B8}.Debug|x64.Build.0 = Debug|Any CPU
		{0D8C7488-A51F-45E1-AA49-1EFC87CE60B8}.Debug|x86.ActiveCfg = Debug|Any CPU
		{0D8C7488-A51F-45E1-AA49-1EFC87CE60B8}.Debug|x86.Build.0 = Debug|Any CPU
		{0D8C7488-A51F-45E1-AA49-1EFC87CE60B8}.Release|Any CPU.ActiveCfg = Release|Any CPU
		{0D8C7488-A51F-45E1-AA49-1EFC87CE60B8}.Release|Any CPU.Build.0 = Release|Any CPU
		{0D8C7488-A51F-45E1-AA49-1EFC87CE60B8}.Release|x64.ActiveCfg = Release|Any CPU
		{0D8C7488-A51F-45E1-AA49-1EFC87CE60B8}.Release|x64.Build.0 = Release|Any CPU
		{0D8C7488-A51F-45E1-AA49-1EFC87CE60B8}.Release|x86.ActiveCfg = Release|Any CPU
		{0D8C7488-A51F-45E1-AA49-1EFC87CE60B8}.Release|x86.Build.0 = Release|Any CPU
		{7393B226-10B6-415A-945B-14A971FC1E3D}.Debug|Any CPU.ActiveCfg = Debug|Any CPU
		{7393B226-10B6-415A-945B-14A971FC1E3D}.Debug|Any CPU.Build.0 = Debug|Any CPU
		{7393B226-10B6-415A-945B-14A971FC1E3D}.Debug|x64.ActiveCfg = Debug|Any CPU
		{7393B226-10B6-415A-945B-14A971FC1E3D}.Debug|x64.Build.0 = Debug|Any CPU
		{7393B226-10B6-415A-945B-14A971FC1E3D}.Debug|x86.ActiveCfg = Debug|Any CPU
		{7393B226-10B6-415A-945B-14A971FC1E3D}.Debug|x86.Build.0 = Debug|Any CPU
		{7393B226-10B6-415A-945B-14A971FC1E3D}.Release|Any CPU.ActiveCfg = Release|Any CPU
		{7393B226-10B6-415A-945B-14A971FC1E3D}.Release|Any CPU.Build.0 = Release|Any CPU
		{7393B226-10B6-415A-945B-14A971FC1E3D}.Release|x64.ActiveCfg = Release|Any CPU
		{7393B226-10B6-415A-945B-14A971FC1E3D}.Release|x64.Build.0 = Release|Any CPU
		{7393B226-10B6-415A-945B-14A971FC1E3D}.Release|x86.ActiveCfg = Release|Any CPU
		{7393B226-10B6-415A-945B-14A971FC1E3D}.Release|x86.Build.0 = Release|Any CPU
		{EA6ADEC7-C137-4A96-A7CA-B7E18D39522F}.Debug|Any CPU.ActiveCfg = Debug|Any CPU
		{EA6ADEC7-C137-4A96-A7CA-B7E18D39522F}.Debug|Any CPU.Build.0 = Debug|Any CPU
		{EA6ADEC7-C137-4A96-A7CA-B7E18D39522F}.Debug|x64.ActiveCfg = Debug|Any CPU
		{EA6ADEC7-C137-4A96-A7CA-B7E18D39522F}.Debug|x64.Build.0 = Debug|Any CPU
		{EA6ADEC7-C137-4A96-A7CA-B7E18D39522F}.Debug|x86.ActiveCfg = Debug|Any CPU
		{EA6ADEC7-C137-4A96-A7CA-B7E18D39522F}.Debug|x86.Build.0 = Debug|Any CPU
		{EA6ADEC7-C137-4A96-A7CA-B7E18D39522F}.Release|Any CPU.ActiveCfg = Release|Any CPU
		{EA6ADEC7-C137-4A96-A7CA-B7E18D39522F}.Release|Any CPU.Build.0 = Release|Any CPU
		{EA6ADEC7-C137-4A96-A7CA-B7E18D39522F}.Release|x64.ActiveCfg = Release|Any CPU
		{EA6ADEC7-C137-4A96-A7CA-B7E18D39522F}.Release|x64.Build.0 = Release|Any CPU
		{EA6ADEC7-C137-4A96-A7CA-B7E18D39522F}.Release|x86.ActiveCfg = Release|Any CPU
		{EA6ADEC7-C137-4A96-A7CA-B7E18D39522F}.Release|x86.Build.0 = Release|Any CPU
		{25F39AFF-8E44-4E29-B5BD-9CF3383E5499}.Debug|Any CPU.ActiveCfg = Debug|Any CPU
		{25F39AFF-8E44-4E29-B5BD-9CF3383E5499}.Debug|Any CPU.Build.0 = Debug|Any CPU
		{25F39AFF-8E44-4E29-B5BD-9CF3383E5499}.Debug|x64.ActiveCfg = Debug|Any CPU
		{25F39AFF-8E44-4E29-B5BD-9CF3383E5499}.Debug|x64.Build.0 = Debug|Any CPU
		{25F39AFF-8E44-4E29-B5BD-9CF3383E5499}.Debug|x86.ActiveCfg = Debug|Any CPU
		{25F39AFF-8E44-4E29-B5BD-9CF3383E5499}.Debug|x86.Build.0 = Debug|Any CPU
		{25F39AFF-8E44-4E29-B5BD-9CF3383E5499}.Release|Any CPU.ActiveCfg = Release|Any CPU
		{25F39AFF-8E44-4E29-B5BD-9CF3383E5499}.Release|Any CPU.Build.0 = Release|Any CPU
		{25F39AFF-8E44-4E29-B5BD-9CF3383E5499}.Release|x64.ActiveCfg = Release|Any CPU
		{25F39AFF-8E44-4E29-B5BD-9CF3383E5499}.Release|x64.Build.0 = Release|Any CPU
		{25F39AFF-8E44-4E29-B5BD-9CF3383E5499}.Release|x86.ActiveCfg = Release|Any CPU
		{25F39AFF-8E44-4E29-B5BD-9CF3383E5499}.Release|x86.Build.0 = Release|Any CPU
		{BC297E3A-BAD8-440C-A7A0-A67A82E88D4C}.Debug|Any CPU.ActiveCfg = Debug|Any CPU
		{BC297E3A-BAD8-440C-A7A0-A67A82E88D4C}.Debug|Any CPU.Build.0 = Debug|Any CPU
		{BC297E3A-BAD8-440C-A7A0-A67A82E88D4C}.Debug|x64.ActiveCfg = Debug|Any CPU
		{BC297E3A-BAD8-440C-A7A0-A67A82E88D4C}.Debug|x64.Build.0 = Debug|Any CPU
		{BC297E3A-BAD8-440C-A7A0-A67A82E88D4C}.Debug|x86.ActiveCfg = Debug|Any CPU
		{BC297E3A-BAD8-440C-A7A0-A67A82E88D4C}.Debug|x86.Build.0 = Debug|Any CPU
		{BC297E3A-BAD8-440C-A7A0-A67A82E88D4C}.Release|Any CPU.ActiveCfg = Release|Any CPU
		{BC297E3A-BAD8-440C-A7A0-A67A82E88D4C}.Release|Any CPU.Build.0 = Release|Any CPU
		{BC297E3A-BAD8-440C-A7A0-A67A82E88D4C}.Release|x64.ActiveCfg = Release|Any CPU
		{BC297E3A-BAD8-440C-A7A0-A67A82E88D4C}.Release|x64.Build.0 = Release|Any CPU
		{BC297E3A-BAD8-440C-A7A0-A67A82E88D4C}.Release|x86.ActiveCfg = Release|Any CPU
		{BC297E3A-BAD8-440C-A7A0-A67A82E88D4C}.Release|x86.Build.0 = Release|Any CPU
	EndGlobalSection
	GlobalSection(SolutionProperties) = preSolution
		HideSolutionNode = FALSE
	EndGlobalSection
	GlobalSection(NestedProjects) = preSolution
		{F8FC807E-7483-42CC-A6A5-48918B0447D5} = {827E0CD3-B72D-47B6-A68D-7590B98EB39B}
		{2C2ABBCF-5AB1-4D89-9C3F-8805C4B5DAC3} = {827E0CD3-B72D-47B6-A68D-7590B98EB39B}
		{0D8C7488-A51F-45E1-AA49-1EFC87CE60B8} = {827E0CD3-B72D-47B6-A68D-7590B98EB39B}
		{7393B226-10B6-415A-945B-14A971FC1E3D} = {0AB3BF05-4346-4AA6-1389-037BE0695223}
		{EA6ADEC7-C137-4A96-A7CA-B7E18D39522F} = {0AB3BF05-4346-4AA6-1389-037BE0695223}
		{25F39AFF-8E44-4E29-B5BD-9CF3383E5499} = {0AB3BF05-4346-4AA6-1389-037BE0695223}
		{BC297E3A-BAD8-440C-A7A0-A67A82E88D4C} = {0AB3BF05-4346-4AA6-1389-037BE0695223}
	EndGlobalSection
EndGlobal
