
Microsoft Visual Studio Solution File, Format Version 12.00
# Visual Studio Version 17
VisualStudioVersion = 17.0.31903.59
MinimumVisualStudioVersion = 10.0.40219.1
Project("{2150E333-8FDC-42A3-9474-1A3956D46DE8}") = "src", "src", "{827E0CD3-B72D-47B6-A68D-7590B98EB39B}"
EndProject
Project("{FAE04EC0-301F-11D3-BF4B-00C04F79EFBC}") = "Po.SeeReview.Core", "src\Po.SeeReview.Core\Po.SeeReview.Core.csproj", "{F79193A6-A7BA-4936-B5DA-03C9EB03EB1D}"
EndProject
Project("{FAE04EC0-301F-11D3-BF4B-00C04F79EFBC}") = "Po.SeeReview.Infrastructure", "src\Po.SeeReview.Infrastructure\Po.SeeReview.Infrastructure.csproj", "{DE63B001-B017-4BE9-9FF5-269E29D4CEFA}"
EndProject
Project("{FAE04EC0-301F-11D3-BF4B-00C04F79EFBC}") = "Po.SeeReview.Api", "src\Po.SeeReview.Api\Po.SeeReview.Api.csproj", "{F8FC807E-7483-42CC-A6A5-48918B0447D5}"
EndProject
Project("{FAE04EC0-301F-11D3-BF4B-00C04F79EFBC}") = "Po.SeeReview.Client", "src\Po.SeeReview.Client\Po.SeeReview.Client.csproj", "{2C2ABBCF-5AB1-4D89-9C3F-8805C4B5DAC3}"
EndProject
Project("{FAE04EC0-301F-11D3-BF4B-00C04F79EFBC}") = "Po.SeeReview.Shared", "src\Po.SeeReview.Shared\Po.SeeReview.Shared.csproj", "{0D8C7488-A51F-45E1-AA49-1EFC87CE60B8}"
EndProject
Project("{2150E333-8FDC-42A3-9474-1A3956D46DE8}") = "tests", "tests", "{0AB3BF05-4346-4AA6-1389-037BE0695223}"
EndProject
Project("{FAE04EC0-301F-11D3-BF4B-00C04F79EFBC}") = "Po.SeeReview.UnitTests", "tests\Po.SeeReview.UnitTests\Po.SeeReview.UnitTests.csproj", "{7393B226-10B6-415A-945B-14A971FC1E3D}"
EndProject
Project("{FAE04EC0-301F-11D3-BF4B-00C04F79EFBC}") = "Po.SeeReview.IntegrationTests", "tests\Po.SeeReview.IntegrationTests\Po.SeeReview.IntegrationTests.csproj", "{EA6ADEC7-C137-4A96-A7CA-B7E18D39522F}"
EndProject
Project("{FAE04EC0-301F-11D3-BF4B-00C04F79EFBC}") = "Po.SeeReview.WebTests", "tests\Po.SeeReview.WebTests\Po.SeeReview.WebTests.csproj", "{25F39AFF-8E44-4E29-B5BD-9CF3383E5499}"
EndProject
Project("{FAE04EC0-301F-11D3-BF4B-00C04F79EFBC}") = "PoSeeReview.AppHost", "src\PoSeeReview.AppHost\PoSeeReview.AppHost.csproj", "{B585B080-91B9-4B6C-BD80-CE6959F60556}"
EndProject
Project("{FAE04EC0-301F-11D3-BF4B-00C04F79EFBC}") = "PoSeeReview.ServiceDefaults", "src\PoSeeReview.ServiceDefaults\PoSeeReview.ServiceDefaults.csproj", "{CC3CB385-747B-46F3-9F62-D319802E30E6}"
EndProject
Global
	GlobalSection(SolutionConfigurationPlatforms) = preSolution
		Debug|Any CPU = Debug|Any CPU
		Debug|x64 = Debug|x64
		Debug|x86 = Debug|x86
		Release|Any CPU = Release|Any CPU
		Release|x64 = Release|x64
		Release|x86 = Release|x86
	EndGlobalSection
	GlobalSection(ProjectConfigurationPlatforms) = postSolution
		{F79193A6-A7BA-4936-B5DA-03C9EB03EB1D}.Debug|Any CPU.ActiveCfg = Debug|Any CPU
		{F79193A6-A7BA-4936-B5DA-03C9EB03EB1D}.Debug|Any CPU.Build.0 = Debug|Any CPU
		{F79193A6-A7BA-4936-B5DA-03C9EB03EB1D}.Debug|x64.ActiveCfg = Debug|Any CPU
		{F79193A6-A7BA-4936-B5DA-03C9EB03EB1D}.Debug|x64.Build.0 = Debug|Any CPU
		{F79193A6-A7BA-4936-B5DA-03C9EB03EB1D}.Debug|x86.ActiveCfg = Debug|Any CPU
		{F79193A6-A7BA-4936-B5DA-03C9EB03EB1D}.Debug|x86.Build.0 = Debug|Any CPU
		{F79193A6-A7BA-4936-B5DA-03C9EB03EB1D}.Release|Any CPU.ActiveCfg = Release|Any CPU
		{F79193A6-A7BA-4936-B5DA-03C9EB03EB1D}.Release|Any CPU.Build.0 = Release|Any CPU
		{F79193A6-A7BA-4936-B5DA-03C9EB03EB1D}.Release|x64.ActiveCfg = Release|Any CPU
		{F79193A6-A7BA-4936-B5DA-03C9EB03EB1D}.Release|x64.Build.0 = Release|Any CPU
		{F79193A6-A7BA-4936-B5DA-03C9EB03EB1D}.Release|x86.ActiveCfg = Release|Any CPU
		{F79193A6-A7BA-4936-B5DA-03C9EB03EB1D}.Release|x86.Build.0 = Release|Any CPU
		{DE63B001-B017-4BE9-9FF5-269E29D4CEFA}.Debug|Any CPU.ActiveCfg = Debug|Any CPU
		{DE63B001-B017-4BE9-9FF5-269E29D4CEFA}.Debug|Any CPU.Build.0 = Debug|Any CPU
		{DE63B001-B017-4BE9-9FF5-269E29D4CEFA}.Debug|x64.ActiveCfg = Debug|Any CPU
		{DE63B001-B017-4BE9-9FF5-269E29D4CEFA}.Debug|x64.Build.0 = Debug|Any CPU
		{DE63B001-B017-4BE9-9FF5-269E29D4CEFA}.Debug|x86.ActiveCfg = Debug|Any CPU
		{DE63B001-B017-4BE9-9FF5-269E29D4CEFA}.Debug|x86.Build.0 = Debug|Any CPU
		{DE63B001-B017-4BE9-9FF5-269E29D4CEFA}.Release|Any CPU.ActiveCfg = Release|Any CPU
		{DE63B001-B017-4BE9-9FF5-269E29D4CEFA}.Release|Any CPU.Build.0 = Release|Any CPU
		{DE63B001-B017-4BE9-9FF5-269E29D4CEFA}.Release|x64.ActiveCfg = Release|Any CPU
		{DE63B001-B017-4BE9-9FF5-269E29D4CEFA}.Release|x64.Build.0 = Release|Any CPU
		{DE63B001-B017-4BE9-9FF5-269E29D4CEFA}.Release|x86.ActiveCfg = Release|Any CPU
		{DE63B001-B017-4BE9-9FF5-269E29D4CEFA}.Release|x86.Build.0 = Release|Any CPU
		{F8FC807E-7483-42CC-A6A5-48918B0447D5}.Debug|Any CPU.ActiveCfg = Debug|Any CPU
		{F8FC807E-7483-42CC-A6A5-48918B0447D5}.Debug|Any CPU.Build.0 = Debug|Any CPU
		{F8FC807E-7483-42CC-A6A5-48918B0447D5}.Debug|x64.ActiveCfg = Debug|Any CPU
		{F8FC807E-7483-42CC-A6A5-48918B0447D5}.Debug|x64.Build.0 = Debug|Any CPU
		{F8FC807E-7483-42CC-A6A5-48918B0447D5}.Debug|x86.ActiveCfg = Debug|Any CPU
		{F8FC807E-7483-42CC-A6A5-48918B0447D5}.Debug|x86.Build.0 = Debug|Any CPU
		{F8FC807E-7483-42CC-A6A5-48918B0447D5}.Release|Any CPU.ActiveCfg = Release|Any CPU
		{F8FC807E-7483-42CC-A6A5-48918B0447D5}.Release|Any CPU.Build.0 = Release|Any CPU
		{F8FC807E-7483-42CC-A6A5-48918B0447D5}.Release|x64.ActiveCfg = Release|Any CPU
		{F8FC807E-7483-42CC-A6A5-48918B0447D5}.Release|x64.Build.0 = Release|Any CPU
		{F8FC807E-7483-42CC-A6A5-48918B0447D5}.Release|x86.ActiveCfg = Release|Any CPU
		{F8FC807E-7483-42CC-A6A5-48918B0447D5}.Release|x86.Build.0 = Release|Any CPU
		{2C2ABBCF-5AB1-4D89-9C3F-8805C4B5DAC3}.Debug|Any CPU.ActiveCfg = Debug|Any CPU
		{2C2ABBCF-5AB1-4D89-9C3F-8805C4B5DAC3}.Debug|Any CPU.Build.0 = Debug|Any CPU
		{2C2ABBCF-5AB1-4D89-9C3F-8805C4B5DAC3}.Debug|x64.ActiveCfg = Debug|Any CPU
		{2C2ABBCF-5AB1-4D89-9C3F-8805C4B5DAC3}.Debug|x64.Build.0 = Debug|Any CPU
		{2C2ABBCF-5AB1-4D89-9C3F-8805C4B5DAC3}.Debug|x86.ActiveCfg = Debug|Any CPU
		{2C2ABBCF-5AB1-4D89-9C3F-8805C4B5DAC3}.Debug|x86.Build.0 = Debug|Any CPU
		{2C2ABBCF-5AB1-4D89-9C3F-8805C4B5DAC3}.Release|Any CPU.ActiveCfg = Release|Any CPU
		{2C2ABBCF-5AB1-4D89-9C3F-8805C4B5DAC3}.Release|Any CPU.Build.0 = Release|Any CPU
		{2C2ABBCF-5AB1-4D89-9C3F-8805C4B5DAC3}.Release|x64.ActiveCfg = Release|Any CPU
		{2C2ABBCF-5AB1-4D89-9C3F-8805C4B5DAC3}.Release|x64.Build.0 = Release|Any CPU
		{2C2ABBCF-5AB1-4D89-9C3F-8805C4B5DAC3}.Release|x86.ActiveCfg = Release|Any CPU
		{2C2ABBCF-5AB1-4D89-9C3F-8805C4B5DAC3}.Release|x86.Build.0 = Release|Any CPU
		{0D8C7488-A51F-45E1-AA49-1EFC87CE60B8}.Debug|Any CPU.ActiveCfg = Debug|Any CPU
		{0D8C7488-A51F-45E1-AA49-1EFC87CE60B8}.Debug|Any CPU.Build.0 = Debug|Any CPU
		{0D8C7488-A51F-45E1-AA49-1EFC87CE60B8}.Debug|x64.ActiveCfg = Debug|Any CPU
		{0D8C7488-A51F-45E1-AA49-1EFC87CE60B8}.Debug|x64.Build.0 = Debug|Any CPU
		{0D8C7488-A51F-45E1-AA49-1EFC87CE60B8}.Debug|x86.ActiveCfg = Debug|Any CPU
		{0D8C7488-A51F-45E1-AA49-1EFC87CE60B8}.Debug|x86.Build.0 = Debug|Any CPU
		{0D8C7488-A51F-45E1-AA49-1EFC87CE60B8}.Release|Any CPU.ActiveCfg = Release|Any CPU
		{0D8C7488-A51F-45E1-AA49-1EFC87CE60B8}.Release|Any CPU.Build.0 = Release|Any CPU
		{0D8C7488-A51F-45E1-AA49-1EFC87CE60B8}.Release|x64.ActiveCfg = Release|Any CPU
		{0D8C7488-A51F-45E1-AA49-1EFC87CE60B8}.Release|x64.Build.0 = Release|Any CPU
		{0D8C7488-A51F-45E1-AA49-1EFC87CE60B8}.Release|x86.ActiveCfg = Release|Any CPU
		{0D8C7488-A51F-45E1-AA49-1EFC87CE60B8}.Release|x86.Build.0 = Release|Any CPU
		{7393B226-10B6-415A-945B-14A971FC1E3D}.Debug|Any CPU.ActiveCfg = Debug|Any CPU
		{7393B226-10B6-415A-945B-14A971FC1E3D}.Debug|Any CPU.Build.0 = Debug|Any CPU
		{7393B226-10B6-415A-945B-14A971FC1E3D}.Debug|x64.ActiveCfg = Debug|Any CPU
		{7393B226-10B6-415A-945B-14A971FC1E3D}.Debug|x64.Build.0 = Debug|Any CPU
		{7393B226-10B6-415A-945B-14A971FC1E3D}.Debug|x86.ActiveCfg = Debug|Any CPU
		{7393B226-10B6-415A-945B-14A971FC1E3D}.Debug|x86.Build.0 = Debug|Any CPU
		{7393B226-10B6-415A-945B-14A971FC1E3D}.Release|Any CPU.ActiveCfg = Release|Any CPU
		{7393B226-10B6-415A-945B-14A971FC1E3D}.Release|Any CPU.Build.0 = Release|Any CPU
		{7393B226-10B6-415A-945B-14A971FC1E3D}.Release|x64.ActiveCfg = Release|Any CPU
		{7393B226-10B6-415A-945B-14A971FC1E3D}.Release|x64.Build.0 = Release|Any CPU
		{7393B226-10B6-415A-945B-14A971FC1E3D}.Release|x86.ActiveCfg = Release|Any CPU
		{7393B226-10B6-415A-945B-14A971FC1E3D}.Release|x86.Build.0 = Release|Any CPU
		{EA6ADEC7-C137-4A96-A7CA-B7E18D39522F}.Debug|Any CPU.ActiveCfg = Debug|Any CPU
		{EA6ADEC7-C137-4A96-A7CA-B7E18D39522F}.Debug|Any CPU.Build.0 = Debug|Any CPU
		{EA6ADEC7-C137-4A96-A7CA-B7E18D39522F}.Debug|x64.ActiveCfg = Debug|Any CPU
		{EA6ADEC7-C137-4A96-A7CA-B7E18D39522F}.Debug|x64.Build.0 = Debug|Any CPU
		{EA6ADEC7-C137-4A96-A7CA-B7E18D39522F}.Debug|x86.ActiveCfg = Debug|Any CPU
		{EA6ADEC7-C137-4A96-A7CA-B7E18D39522F}.Debug|x86.Build.0 = Debug|Any CPU
		{EA6ADEC7-C137-4A96-A7CA-B7E18D39522F}.Release|Any CPU.ActiveCfg = Release|Any CPU
		{EA6ADEC7-C137-4A96-A7CA-B7E18D39522F}.Release|Any CPU.Build.0 = Release|Any CPU
		{EA6ADEC7-C137-4A96-A7CA-B7E18D39522F}.Release|x64.ActiveCfg = Release|Any CPU
		{EA6ADEC7-C137-4A96-A7CA-B7E18D39522F}.Release|x64.Build.0 = Release|Any CPU
		{EA6ADEC7-C137-4A96-A7CA-B7E18D39522F}.Release|x86.ActiveCfg = Release|Any CPU
		{EA6ADEC7-C137-4A96-A7CA-B7E18D39522F}.Release|x86.Build.0 = Release|Any CPU
		{25F39AFF-8E44-4E29-B5BD-9CF3383E5499}.Debug|Any CPU.ActiveCfg = Debug|Any CPU
		{25F39AFF-8E44-4E29-B5BD-9CF3383E5499}.Debug|Any CPU.Build.0 = Debug|Any CPU
		{25F39AFF-8E44-4E29-B5BD-9CF3383E5499}.Debug|x64.ActiveCfg = Debug|Any CPU
		{25F39AFF-8E44-4E29-B5BD-9CF3383E5499}.Debug|x64.Build.0 = Debug|Any CPU
		{25F39AFF-8E44-4E29-B5BD-9CF3383E5499}.Debug|x86.ActiveCfg = Debug|Any CPU
		{25F39AFF-8E44-4E29-B5BD-9CF3383E5499}.Debug|x86.Build.0 = Debug|Any CPU
		{25F39AFF-8E44-4E29-B5BD-9CF3383E5499}.Release|Any CPU.ActiveCfg = Release|Any CPU
		{25F39AFF-8E44-4E29-B5BD-9CF3383E5499}.Release|Any CPU.Build.0 = Release|Any CPU
		{25F39AFF-8E44-4E29-B5BD-9CF3383E5499}.Release|x64.ActiveCfg = Release|Any CPU
		{25F39AFF-8E44-4E29-B5BD-9CF3383E5499}.Release|x64.Build.0 = Release|Any CPU
		{25F39AFF-8E44-4E29-B5BD-9CF3383E5499}.Release|x86.ActiveCfg = Release|Any CPU
		{25F39AFF-8E44-4E29-B5BD-9CF3383E5499}.Release|x86.Build.0 = Release|Any CPU
		{B585B080-91B9-4B6C-BD80-CE6959F60556}.Debug|Any CPU.ActiveCfg = Debug|Any CPU
		{B585B080-91B9-4B6C-BD80-CE6959F60556}.Debug|Any CPU.Build.0 = Debug|Any CPU
		{B585B080-91B9-4B6C-BD80-CE6959F60556}.Debug|x64.ActiveCfg = Debug|Any CPU
		{B585B080-91B9-4B6C-BD80-CE6959F60556}.Debug|x64.Build.0 = Debug|Any CPU
		{B585B080-91B9-4B6C-BD80-CE6959F60556}.Debug|x86.ActiveCfg = Debug|Any CPU
		{B585B080-91B9-4B6C-BD80-CE6959F60556}.Debug|x86.Build.0 = Debug|Any CPU
		{B585B080-91B9-4B6C-BD80-CE6959F60556}.Release|Any CPU.ActiveCfg = Release|Any CPU
		{B585B080-91B9-4B6C-BD80-CE6959F60556}.Release|Any CPU.Build.0 = Release|Any CPU
		{B585B080-91B9-4B6C-BD80-CE6959F60556}.Release|x64.ActiveCfg = Release|Any CPU
		{B585B080-91B9-4B6C-BD80-CE6959F60556}.Release|x64.Build.0 = Release|Any CPU
		{B585B080-91B9-4B6C-BD80-CE6959F60556}.Release|x86.ActiveCfg = Release|Any CPU
		{B585B080-91B9-4B6C-BD80-CE6959F60556}.Release|x86.Build.0 = Release|Any CPU
		{CC3CB385-747B-46F3-9F62-D319802E30E6}.Debug|Any CPU.ActiveCfg = Debug|Any CPU
		{CC3CB385-747B-46F3-9F62-D319802E30E6}.Debug|Any CPU.Build.0 = Debug|Any CPU
		{CC3CB385-747B-46F3-9F62-D319802E30E6}.Debug|x64.ActiveCfg = Debug|Any CPU
		{CC3CB385-747B-46F3-9F62-D319802E30E6}.Debug|x64.Build.0 = Debug|Any CPU
		{CC3CB385-747B-46F3-9F62-D319802E30E6}.Debug|x86.ActiveCfg = Debug|Any CPU
		{CC3CB385-747B-46F3-9F62-D319802E30E6}.Debug|x86.Build.0 = Debug|Any CPU
		{CC3CB385-747B-46F3-9F62-D319802E30E6}.Release|Any CPU.ActiveCfg = Release|Any CPU
		{CC3CB385-747B-46F3-9F62-D319802E30E6}.Release|Any CPU.Build.0 = Release|Any CPU
		{CC3CB385-747B-46F3-9F62-D319802E30E6}.Release|x64.ActiveCfg = Release|Any CPU
		{CC3CB385-747B-46F3-9F62-D319802E30E6}.Release|x64.Build.0 = Release|Any CPU
		{CC3CB385-747B-46F3-9F62-D319802E30E6}.Release|x86.ActiveCfg = Release|Any CPU
		{CC3CB385-747B-46F3-9F62-D319802E30E6}.Release|x86.Build.0 = Release|Any CPU
	EndGlobalSection
	GlobalSection(SolutionProperties) = preSolution
		HideSolutionNode = FALSE
	EndGlobalSection
	GlobalSection(NestedProjects) = preSolution
		{F79193A6-A7BA-4936-B5DA-03C9EB03EB1D} = {827E0CD3-B72D-47B6-A68D-7590B98EB39B}
		{DE63B001-B017-4BE9-9FF5-269E29D4CEFA} = {827E0CD3-B72D-47B6-A68D-7590B98EB39B}
		{F8FC807E-7483-42CC-A6A5-48918B0447D5} = {827E0CD3-B72D-47B6-A68D-7590B98EB39B}
		{2C2ABBCF-5AB1-4D89-9C3F-8805C4B5DAC3} = {827E0CD3-B72D-47B6-A68D-7590B98EB39B}
		{0D8C7488-A51F-45E1-AA49-1EFC87CE60B8} = {827E0CD3-B72D-47B6-A68D-7590B98EB39B}
		{7393B226-10B6-415A-945B-14A971FC1E3D} = {0AB3BF05-4346-4AA6-1389-037BE0695223}
		{EA6ADEC7-C137-4A96-A7CA-B7E18D39522F} = {0AB3BF05-4346-4AA6-1389-037BE0695223}
		{25F39AFF-8E44-4E29-B5BD-9CF3383E5499} = {0AB3BF05-4346-4AA6-1389-037BE0695223}
		{B585B080-91B9-4B6C-BD80-CE6959F60556} = {827E0CD3-B72D-47B6-A68D-7590B98EB39B}
		{CC3CB385-747B-46F3-9F62-D319802E30E6} = {827E0CD3-B72D-47B6-A68D-7590B98EB39B}
	EndGlobalSection
EndGlobal
